
Microsoft Visual Studio Solution File, Format Version 12.00
# Visual Studio Version 17
VisualStudioVersion = 17.8.34322.80
MinimumVisualStudioVersion = 10.0.40219.1
Project("{9A19103F-16F7-4668-BE54-9A1E7A4F7556}") = "Infrastructure", "Infrastructure\Infrastructure.csproj", "{573E3E23-F3E1-4818-BDDF-F630315ABCEA}"
EndProject
Project("{9A19103F-16F7-4668-BE54-9A1E7A4F7556}") = "MediRenew.ConsoleApp", "MediRenew.ConsoleApp\MediRenew.ConsoleApp.csproj", "{8E886C12-4242-4DEC-A396-E622F19FF7E8}"
EndProject
Project("{9A19103F-16F7-4668-BE54-9A1E7A4F7556}") = "Business", "Business\Business.csproj", "{065BDFEB-BF13-445F-9ABB-F16EB2830449}"
EndProject
Project("{9A19103F-16F7-4668-BE54-9A1E7A4F7556}") = "Infrastructure.Tests", "Infrastructure.Tests\Infrastructure.Tests.csproj", "{EA910ED5-4CEA-4456-92D6-84222DB3B13D}"
EndProject
Project("{FAE04EC0-301F-11D3-BF4B-00C04F79EFBC}") = "Business.Tests", "Business.Tests\Business.Tests.csproj", "{CDC38337-95D9-4EE9-A6C0-DC8E7D6B922E}"
EndProject
Global
	GlobalSection(SolutionConfigurationPlatforms) = preSolution
		Debug|Any CPU = Debug|Any CPU
		Release|Any CPU = Release|Any CPU
	EndGlobalSection
	GlobalSection(ProjectConfigurationPlatforms) = postSolution
		{573E3E23-F3E1-4818-BDDF-F630315ABCEA}.Debug|Any CPU.ActiveCfg = Debug|Any CPU
		{573E3E23-F3E1-4818-BDDF-F630315ABCEA}.Debug|Any CPU.Build.0 = Debug|Any CPU
		{573E3E23-F3E1-4818-BDDF-F630315ABCEA}.Release|Any CPU.ActiveCfg = Release|Any CPU
		{573E3E23-F3E1-4818-BDDF-F630315ABCEA}.Release|Any CPU.Build.0 = Release|Any CPU
		{8E886C12-4242-4DEC-A396-E622F19FF7E8}.Debug|Any CPU.ActiveCfg = Debug|Any CPU
		{8E886C12-4242-4DEC-A396-E622F19FF7E8}.Debug|Any CPU.Build.0 = Debug|Any CPU
		{8E886C12-4242-4DEC-A396-E622F19FF7E8}.Release|Any CPU.ActiveCfg = Release|Any CPU
		{8E886C12-4242-4DEC-A396-E622F19FF7E8}.Release|Any CPU.Build.0 = Release|Any CPU
		{065BDFEB-BF13-445F-9ABB-F16EB2830449}.Debug|Any CPU.ActiveCfg = Debug|Any CPU
		{065BDFEB-BF13-445F-9ABB-F16EB2830449}.Debug|Any CPU.Build.0 = Debug|Any CPU
		{065BDFEB-BF13-445F-9ABB-F16EB2830449}.Release|Any CPU.ActiveCfg = Release|Any CPU
		{065BDFEB-BF13-445F-9ABB-F16EB2830449}.Release|Any CPU.Build.0 = Release|Any CPU
		{EA910ED5-4CEA-4456-92D6-84222DB3B13D}.Debug|Any CPU.ActiveCfg = Debug|Any CPU
		{EA910ED5-4CEA-4456-92D6-84222DB3B13D}.Debug|Any CPU.Build.0 = Debug|Any CPU
		{EA910ED5-4CEA-4456-92D6-84222DB3B13D}.Release|Any CPU.ActiveCfg = Release|Any CPU
		{EA910ED5-4CEA-4456-92D6-84222DB3B13D}.Release|Any CPU.Build.0 = Release|Any CPU
		{CDC38337-95D9-4EE9-A6C0-DC8E7D6B922E}.Debug|Any CPU.ActiveCfg = Debug|Any CPU
		{CDC38337-95D9-4EE9-A6C0-DC8E7D6B922E}.Debug|Any CPU.Build.0 = Debug|Any CPU
		{CDC38337-95D9-4EE9-A6C0-DC8E7D6B922E}.Release|Any CPU.ActiveCfg = Release|Any CPU
		{CDC38337-95D9-4EE9-A6C0-DC8E7D6B922E}.Release|Any CPU.Build.0 = Release|Any CPU
	EndGlobalSection
	GlobalSection(SolutionProperties) = preSolution
		HideSolutionNode = FALSE
	EndGlobalSection
	GlobalSection(ExtensibilityGlobals) = postSolution
		SolutionGuid = {C2C4AC7F-FD89-4B01-AE20-71143D9CD6D9}
	EndGlobalSection
EndGlobal
