
Microsoft Visual Studio Solution File, Format Version 12.00
# Visual Studio Version 17
VisualStudioVersion = 17.8.34322.80
MinimumVisualStudioVersion = 10.0.40219.1
Project("{9A19103F-16F7-4668-BE54-9A1E7A4F7556}") = "Infrastructure", "Infrastructure\Infrastructure.csproj", "{573E3E23-F3E1-4818-BDDF-F630315ABCEA}"
EndProject
Project("{FAE04EC0-301F-11D3-BF4B-00C04F79EFBC}") = "MediRenew.ConsoleApp", "MediRenew.ConsoleApp\MediRenew.ConsoleApp.csproj", "{8E886C12-4242-4DEC-A396-E622F19FF7E8}"
EndProject
Global
	GlobalSection(SolutionConfigurationPlatforms) = preSolution
		Debug|Any CPU = Debug|Any CPU
		Release|Any CPU = Release|Any CPU
	EndGlobalSection
	GlobalSection(ProjectConfigurationPlatforms) = postSolution
		{573E3E23-F3E1-4818-BDDF-F630315ABCEA}.Debug|Any CPU.ActiveCfg = Debug|Any CPU
		{573E3E23-F3E1-4818-BDDF-F630315ABCEA}.Debug|Any CPU.Build.0 = Debug|Any CPU
		{573E3E23-F3E1-4818-BDDF-F630315ABCEA}.Release|Any CPU.ActiveCfg = Release|Any CPU
		{573E3E23-F3E1-4818-BDDF-F630315ABCEA}.Release|Any CPU.Build.0 = Release|Any CPU
		{8E886C12-4242-4DEC-A396-E622F19FF7E8}.Debug|Any CPU.ActiveCfg = Debug|Any CPU
		{8E886C12-4242-4DEC-A396-E622F19FF7E8}.Debug|Any CPU.Build.0 = Debug|Any CPU
		{8E886C12-4242-4DEC-A396-E622F19FF7E8}.Release|Any CPU.ActiveCfg = Release|Any CPU
		{8E886C12-4242-4DEC-A396-E622F19FF7E8}.Release|Any CPU.Build.0 = Release|Any CPU
	EndGlobalSection
	GlobalSection(SolutionProperties) = preSolution
		HideSolutionNode = FALSE
	EndGlobalSection
	GlobalSection(ExtensibilityGlobals) = postSolution
		SolutionGuid = {C2C4AC7F-FD89-4B01-AE20-71143D9CD6D9}
	EndGlobalSection
EndGlobal
